
Microsoft Visual Studio Solution File, Format Version 12.00
# Visual Studio 14
VisualStudioVersion = 14.0.25420.1
MinimumVisualStudioVersion = 10.0.40219.1
Project("{FAE04EC0-301F-11D3-BF4B-00C04F79EFBC}") = "GeneThomas.SubProcess", "GeneThomas.SubProcess\GeneThomas.SubProcess.csproj", "{714503B4-A653-487E-83C3-E01F4FC9EE2F}"
EndProject
Project("{FAE04EC0-301F-11D3-BF4B-00C04F79EFBC}") = "GeneThomas.SubProcess.UnitTests", "GeneThomas.SubProcess.UnitTests\GeneThomas.SubProcess.UnitTests.csproj", "{D42EC13A-12B9-4E70-BB05-34C6E64906E7}"
	ProjectSection(ProjectDependencies) = postProject
		{A188669D-17AB-4AC1-8654-BF70483C3202} = {A188669D-17AB-4AC1-8654-BF70483C3202}
		{714503B4-A653-487E-83C3-E01F4FC9EE2F} = {714503B4-A653-487E-83C3-E01F4FC9EE2F}
	EndProjectSection
EndProject
Project("{FAE04EC0-301F-11D3-BF4B-00C04F79EFBC}") = "echo-args", "echo-args\echo-args.csproj", "{A188669D-17AB-4AC1-8654-BF70483C3202}"
EndProject
Global
	GlobalSection(SolutionConfigurationPlatforms) = preSolution
		Debug|Any CPU = Debug|Any CPU
		Release|Any CPU = Release|Any CPU
	EndGlobalSection
	GlobalSection(ProjectConfigurationPlatforms) = postSolution
		{714503B4-A653-487E-83C3-E01F4FC9EE2F}.Debug|Any CPU.ActiveCfg = Debug|Any CPU
		{714503B4-A653-487E-83C3-E01F4FC9EE2F}.Debug|Any CPU.Build.0 = Debug|Any CPU
		{714503B4-A653-487E-83C3-E01F4FC9EE2F}.Release|Any CPU.ActiveCfg = Release|Any CPU
		{714503B4-A653-487E-83C3-E01F4FC9EE2F}.Release|Any CPU.Build.0 = Release|Any CPU
		{D42EC13A-12B9-4E70-BB05-34C6E64906E7}.Debug|Any CPU.ActiveCfg = Debug|Any CPU
		{D42EC13A-12B9-4E70-BB05-34C6E64906E7}.Debug|Any CPU.Build.0 = Debug|Any CPU
		{D42EC13A-12B9-4E70-BB05-34C6E64906E7}.Release|Any CPU.ActiveCfg = Release|Any CPU
		{D42EC13A-12B9-4E70-BB05-34C6E64906E7}.Release|Any CPU.Build.0 = Release|Any CPU
		{A188669D-17AB-4AC1-8654-BF70483C3202}.Debug|Any CPU.ActiveCfg = Debug|Any CPU
		{A188669D-17AB-4AC1-8654-BF70483C3202}.Debug|Any CPU.Build.0 = Debug|Any CPU
		{A188669D-17AB-4AC1-8654-BF70483C3202}.Release|Any CPU.ActiveCfg = Release|Any CPU
		{A188669D-17AB-4AC1-8654-BF70483C3202}.Release|Any CPU.Build.0 = Release|Any CPU
	EndGlobalSection
	GlobalSection(SolutionProperties) = preSolution
		HideSolutionNode = FALSE
	EndGlobalSection
EndGlobal
